
Microsoft Visual Studio Solution File, Format Version 12.00
# Visual Studio Version 17
VisualStudioVersion = 17.10.35122.118
MinimumVisualStudioVersion = 10.0.40219.1
Project("{FAE04EC0-301F-11D3-BF4B-00C04F79EFBC}") = "AdventOfCodeDay1", "AdventOfCodeDay1\AdventOfCodeDay1.csproj", "{82F32878-5998-40AA-823F-180CB167AE11}"
EndProject
Global
	GlobalSection(SolutionConfigurationPlatforms) = preSolution
		Debug|Any CPU = Debug|Any CPU
		Release|Any CPU = Release|Any CPU
	EndGlobalSection
	GlobalSection(ProjectConfigurationPlatforms) = postSolution
		{82F32878-5998-40AA-823F-180CB167AE11}.Debug|Any CPU.ActiveCfg = Debug|Any CPU
		{82F32878-5998-40AA-823F-180CB167AE11}.Debug|Any CPU.Build.0 = Debug|Any CPU
		{82F32878-5998-40AA-823F-180CB167AE11}.Release|Any CPU.ActiveCfg = Release|Any CPU
		{82F32878-5998-40AA-823F-180CB167AE11}.Release|Any CPU.Build.0 = Release|Any CPU
	EndGlobalSection
	GlobalSection(SolutionProperties) = preSolution
		HideSolutionNode = FALSE
	EndGlobalSection
	GlobalSection(ExtensibilityGlobals) = postSolution
		SolutionGuid = {150B7E45-1254-4EA3-AE50-D55DD6B4F32B}
	EndGlobalSection
EndGlobal
